
Microsoft Visual Studio Solution File, Format Version 12.00
# Visual Studio Version 17
VisualStudioVersion = 17.5.33530.505
MinimumVisualStudioVersion = 10.0.40219.1
Project("{FAE04EC0-301F-11D3-BF4B-00C04F79EFBC}") = "caso3", "caso3\caso3.csproj", "{D5881DA4-D3DB-4299-A94B-ABCDB560A213}"
EndProject
Global
	GlobalSection(SolutionConfigurationPlatforms) = preSolution
		Debug|Any CPU = Debug|Any CPU
		Release|Any CPU = Release|Any CPU
	EndGlobalSection
	GlobalSection(ProjectConfigurationPlatforms) = postSolution
		{D5881DA4-D3DB-4299-A94B-ABCDB560A213}.Debug|Any CPU.ActiveCfg = Debug|Any CPU
		{D5881DA4-D3DB-4299-A94B-ABCDB560A213}.Debug|Any CPU.Build.0 = Debug|Any CPU
		{D5881DA4-D3DB-4299-A94B-ABCDB560A213}.Release|Any CPU.ActiveCfg = Release|Any CPU
		{D5881DA4-D3DB-4299-A94B-ABCDB560A213}.Release|Any CPU.Build.0 = Release|Any CPU
	EndGlobalSection
	GlobalSection(SolutionProperties) = preSolution
		HideSolutionNode = FALSE
	EndGlobalSection
	GlobalSection(ExtensibilityGlobals) = postSolution
		SolutionGuid = {CB0253A6-03FC-40E8-A63C-DB329AA42E3C}
	EndGlobalSection
EndGlobal
